{
  "originHash" : "c0348dc057ec6aac9819788ea79657ed78a490e1d8f1515cbc503611a4a3e60b",
  "pins" : [
    {
      "identity" : "alamofire",
      "kind" : "remoteSourceControl",
      "location" : "https://github.com/Alamofire/Alamofire.git",
      "state" : {
        "revision" : "e16d3481f5ed35f0472cb93350085853d754913f",
        "version" : "5.10.1"
      }
    }
  ],
  "version" : 3
}
